// !$*UTF8*$!
{
	archiveVersion = 1;
	classes = {
	};
	objectVersion = 48;
	objects = {

/* Begin PBXBuildFile section */
		899627481F2269B000B27803 /* AppDelegate.swift in Sources */ = {isa = PBXBuildFile; fileRef = 899627471F2269B000B27803 /* AppDelegate.swift */; };
		8996274A1F2269B000B27803 /* HomeVC.swift in Sources */ = {isa = PBXBuildFile; fileRef = 899627491F2269B000B27803 /* HomeVC.swift */; };
		8996274D1F2269B000B27803 /* Main.storyboard in Resources */ = {isa = PBXBuildFile; fileRef = 8996274B1F2269B000B27803 /* Main.storyboard */; };
		8996274F1F2269B000B27803 /* Assets.xcassets in Resources */ = {isa = PBXBuildFile; fileRef = 8996274E1F2269B000B27803 /* Assets.xcassets */; };
		899627521F2269B000B27803 /* LaunchScreen.storyboard in Resources */ = {isa = PBXBuildFile; fileRef = 899627501F2269B000B27803 /* LaunchScreen.storyboard */; };
		8996275B1F226B9800B27803 /* StoreKit.framework in Frameworks */ = {isa = PBXBuildFile; fileRef = 8996275A1F226B9800B27803 /* StoreKit.framework */; };
		8996275F1F2270A000B27803 /* GoogleMobileAds.framework in Frameworks */ = {isa = PBXBuildFile; fileRef = 8996275E1F226CDA00B27803 /* GoogleMobileAds.framework */; };
		899627631F22715800B27803 /* PurchaseManager.swift in Sources */ = {isa = PBXBuildFile; fileRef = 899627621F22715800B27803 /* PurchaseManager.swift */; };
/* End PBXBuildFile section */

/* Begin PBXFileReference section */
		899627441F2269B000B27803 /* daily-dose.app */ = {isa = PBXFileReference; explicitFileType = wrapper.application; includeInIndex = 0; path = "daily-dose.app"; sourceTree = BUILT_PRODUCTS_DIR; };
		899627471F2269B000B27803 /* AppDelegate.swift */ = {isa = PBXFileReference; lastKnownFileType = sourcecode.swift; path = AppDelegate.swift; sourceTree = "<group>"; };
		899627491F2269B000B27803 /* HomeVC.swift */ = {isa = PBXFileReference; lastKnownFileType = sourcecode.swift; path = HomeVC.swift; sourceTree = "<group>"; };
		8996274C1F2269B000B27803 /* Base */ = {isa = PBXFileReference; lastKnownFileType = file.storyboard; name = Base; path = Base.lproj/Main.storyboard; sourceTree = "<group>"; };
		8996274E1F2269B000B27803 /* Assets.xcassets */ = {isa = PBXFileReference; lastKnownFileType = folder.assetcatalog; path = Assets.xcassets; sourceTree = "<group>"; };
		899627511F2269B000B27803 /* Base */ = {isa = PBXFileReference; lastKnownFileType = file.storyboard; name = Base; path = Base.lproj/LaunchScreen.storyboard; sourceTree = "<group>"; };
		899627531F2269B000B27803 /* Info.plist */ = {isa = PBXFileReference; lastKnownFileType = text.plist.xml; path = Info.plist; sourceTree = "<group>"; };
		8996275A1F226B9800B27803 /* StoreKit.framework */ = {isa = PBXFileReference; lastKnownFileType = wrapper.framework; name = StoreKit.framework; path = System/Library/Frameworks/StoreKit.framework; sourceTree = SDKROOT; };
		8996275E1F226CDA00B27803 /* GoogleMobileAds.framework */ = {isa = PBXFileReference; lastKnownFileType = wrapper.framework; path = GoogleMobileAds.framework; sourceTree = "<group>"; };
		899627621F22715800B27803 /* PurchaseManager.swift */ = {isa = PBXFileReference; lastKnownFileType = sourcecode.swift; path = PurchaseManager.swift; sourceTree = "<group>"; };
/* End PBXFileReference section */

/* Begin PBXFrameworksBuildPhase section */
		899627411F2269B000B27803 /* Frameworks */ = {
			isa = PBXFrameworksBuildPhase;
			buildActionMask = 2147483647;
			files = (
				8996275B1F226B9800B27803 /* StoreKit.framework in Frameworks */,
				8996275F1F2270A000B27803 /* GoogleMobileAds.framework in Frameworks */,
			);
			runOnlyForDeploymentPostprocessing = 0;
		};
/* End PBXFrameworksBuildPhase section */

/* Begin PBXGroup section */
		8996273B1F2269B000B27803 = {
			isa = PBXGroup;
			children = (
				899627461F2269B000B27803 /* daily-dose */,
				899627451F2269B000B27803 /* Products */,
				899627591F226B9800B27803 /* Frameworks */,
			);
			sourceTree = "<group>";
		};
		899627451F2269B000B27803 /* Products */ = {
			isa = PBXGroup;
			children = (
				899627441F2269B000B27803 /* daily-dose.app */,
			);
			name = Products;
			sourceTree = "<group>";
		};
		899627461F2269B000B27803 /* daily-dose */ = {
			isa = PBXGroup;
			children = (
				899627611F22714400B27803 /* Services */,
				899627601F22713200B27803 /* Controller */,
				899627471F2269B000B27803 /* AppDelegate.swift */,
				8996274B1F2269B000B27803 /* Main.storyboard */,
				8996274E1F2269B000B27803 /* Assets.xcassets */,
				899627501F2269B000B27803 /* LaunchScreen.storyboard */,
				899627531F2269B000B27803 /* Info.plist */,
			);
			path = "daily-dose";
			sourceTree = "<group>";
		};
		899627591F226B9800B27803 /* Frameworks */ = {
			isa = PBXGroup;
			children = (
				8996275E1F226CDA00B27803 /* GoogleMobileAds.framework */,
				8996275A1F226B9800B27803 /* StoreKit.framework */,
			);
			name = Frameworks;
			sourceTree = "<group>";
		};
		899627601F22713200B27803 /* Controller */ = {
			isa = PBXGroup;
			children = (
				899627491F2269B000B27803 /* HomeVC.swift */,
			);
			path = Controller;
			sourceTree = "<group>";
		};
		899627611F22714400B27803 /* Services */ = {
			isa = PBXGroup;
			children = (
				899627621F22715800B27803 /* PurchaseManager.swift */,
			);
			path = Services;
			sourceTree = "<group>";
		};
/* End PBXGroup section */

/* Begin PBXNativeTarget section */
		899627431F2269B000B27803 /* daily-dose */ = {
			isa = PBXNativeTarget;
			buildConfigurationList = 899627561F2269B000B27803 /* Build configuration list for PBXNativeTarget "daily-dose" */;
			buildPhases = (
				899627401F2269B000B27803 /* Sources */,
				899627411F2269B000B27803 /* Frameworks */,
				899627421F2269B000B27803 /* Resources */,
			);
			buildRules = (
			);
			dependencies = (
			);
			name = "daily-dose";
			productName = "daily-dose";
			productReference = 899627441F2269B000B27803 /* daily-dose.app */;
			productType = "com.apple.product-type.application";
		};
/* End PBXNativeTarget section */

/* Begin PBXProject section */
		8996273C1F2269B000B27803 /* Project object */ = {
			isa = PBXProject;
			attributes = {
				LastSwiftUpdateCheck = 0900;
				LastUpgradeCheck = 0900;
				ORGANIZATIONNAME = Devslopes;
				TargetAttributes = {
					899627431F2269B000B27803 = {
						CreatedOnToolsVersion = 9.0;
						SystemCapabilities = {
							com.apple.InAppPurchase = {
								enabled = 1;
							};
						};
					};
				};
			};
			buildConfigurationList = 8996273F1F2269B000B27803 /* Build configuration list for PBXProject "daily-dose" */;
			compatibilityVersion = "Xcode 8.0";
			developmentRegion = en;
			hasScannedForEncodings = 0;
			knownRegions = (
				en,
				Base,
			);
			mainGroup = 8996273B1F2269B000B27803;
			productRefGroup = 899627451F2269B000B27803 /* Products */;
			projectDirPath = "";
			projectRoot = "";
			targets = (
				899627431F2269B000B27803 /* daily-dose */,
			);
		};
/* End PBXProject section */

/* Begin PBXResourcesBuildPhase section */
		899627421F2269B000B27803 /* Resources */ = {
			isa = PBXResourcesBuildPhase;
			buildActionMask = 2147483647;
			files = (
				899627521F2269B000B27803 /* LaunchScreen.storyboard in Resources */,
				8996274F1F2269B000B27803 /* Assets.xcassets in Resources */,
				8996274D1F2269B000B27803 /* Main.storyboard in Resources */,
			);
			runOnlyForDeploymentPostprocessing = 0;
		};
/* End PBXResourcesBuildPhase section */

/* Begin PBXSourcesBuildPhase section */
		899627401F2269B000B27803 /* Sources */ = {
			isa = PBXSourcesBuildPhase;
			buildActionMask = 2147483647;
			files = (
				8996274A1F2269B000B27803 /* HomeVC.swift in Sources */,
				899627631F22715800B27803 /* PurchaseManager.swift in Sources */,
				899627481F2269B000B27803 /* AppDelegate.swift in Sources */,
			);
			runOnlyForDeploymentPostprocessing = 0;
		};
/* End PBXSourcesBuildPhase section */

/* Begin PBXVariantGroup section */
		8996274B1F2269B000B27803 /* Main.storyboard */ = {
			isa = PBXVariantGroup;
			children = (
				8996274C1F2269B000B27803 /* Base */,
			);
			name = Main.storyboard;
			sourceTree = "<group>";
		};
		899627501F2269B000B27803 /* LaunchScreen.storyboard */ = {
			isa = PBXVariantGroup;
			children = (
				899627511F2269B000B27803 /* Base */,
			);
			name = LaunchScreen.storyboard;
			sourceTree = "<group>";
		};
/* End PBXVariantGroup section */

/* Begin XCBuildConfiguration section */
		899627541F2269B000B27803 /* Debug */ = {
			isa = XCBuildConfiguration;
			buildSettings = {
				ALWAYS_SEARCH_USER_PATHS = NO;
				CLANG_ANALYZER_NONNULL = YES;
				CLANG_ANALYZER_NUMBER_OBJECT_CONVERSION = YES_AGGRESSIVE;
				CLANG_CXX_LANGUAGE_STANDARD = "gnu++14";
				CLANG_CXX_LIBRARY = "libc++";
				CLANG_ENABLE_MODULES = YES;
				CLANG_ENABLE_OBJC_ARC = YES;
				CLANG_WARN_BLOCK_CAPTURE_AUTORELEASING = YES;
				CLANG_WARN_BOOL_CONVERSION = YES;
				CLANG_WARN_COMMA = YES;
				CLANG_WARN_CONSTANT_CONVERSION = YES;
				CLANG_WARN_DIRECT_OBJC_ISA_USAGE = YES_ERROR;
				CLANG_WARN_DOCUMENTATION_COMMENTS = YES;
				CLANG_WARN_EMPTY_BODY = YES;
				CLANG_WARN_ENUM_CONVERSION = YES;
				CLANG_WARN_INFINITE_RECURSION = YES;
				CLANG_WARN_INT_CONVERSION = YES;
				CLANG_WARN_NON_LITERAL_NULL_CONVERSION = YES;
				CLANG_WARN_OBJC_LITERAL_CONVERSION = YES;
				CLANG_WARN_OBJC_ROOT_CLASS = YES_ERROR;
				CLANG_WARN_RANGE_LOOP_ANALYSIS = YES;
				CLANG_WARN_STRICT_PROTOTYPES = YES;
				CLANG_WARN_SUSPICIOUS_MOVE = YES;
				CLANG_WARN_UNGUARDED_AVAILABILITY = YES_AGGRESSIVE;
				CLANG_WARN_UNREACHABLE_CODE = YES;
				CLANG_WARN__DUPLICATE_METHOD_MATCH = YES;
				CODE_SIGN_IDENTITY = "iPhone Developer";
				COPY_PHASE_STRIP = NO;
				DEBUG_INFORMATION_FORMAT = dwarf;
				ENABLE_STRICT_OBJC_MSGSEND = YES;
				ENABLE_TESTABILITY = YES;
				GCC_C_LANGUAGE_STANDARD = gnu11;
				GCC_DYNAMIC_NO_PIC = NO;
				GCC_NO_COMMON_BLOCKS = YES;
				GCC_OPTIMIZATION_LEVEL = 0;
				GCC_PREPROCESSOR_DEFINITIONS = (
					"DEBUG=1",
					"$(inherited)",
				);
				GCC_WARN_64_TO_32_BIT_CONVERSION = YES;
				GCC_WARN_ABOUT_RETURN_TYPE = YES_ERROR;
				GCC_WARN_UNDECLARED_SELECTOR = YES;
				GCC_WARN_UNINITIALIZED_AUTOS = YES_AGGRESSIVE;
				GCC_WARN_UNUSED_FUNCTION = YES;
				GCC_WARN_UNUSED_VARIABLE = YES;
				IPHONEOS_DEPLOYMENT_TARGET = 11.0;
				MTL_ENABLE_DEBUG_INFO = YES;
				ONLY_ACTIVE_ARCH = YES;
				SDKROOT = iphoneos;
				SWIFT_ACTIVE_COMPILATION_CONDITIONS = DEBUG;
				SWIFT_OPTIMIZATION_LEVEL = "-Onone";
			};
			name = Debug;
		};
		899627551F2269B000B27803 /* Release */ = {
			isa = XCBuildConfiguration;
			buildSettings = {
				ALWAYS_SEARCH_USER_PATHS = NO;
				CLANG_ANALYZER_NONNULL = YES;
				CLANG_ANALYZER_NUMBER_OBJECT_CONVERSION = YES_AGGRESSIVE;
				CLANG_CXX_LANGUAGE_STANDARD = "gnu++14";
				CLANG_CXX_LIBRARY = "libc++";
				CLANG_ENABLE_MODULES = YES;
				CLANG_ENABLE_OBJC_ARC = YES;
				CLANG_WARN_BLOCK_CAPTURE_AUTORELEASING = YES;
				CLANG_WARN_BOOL_CONVERSION = YES;
				CLANG_WARN_COMMA = YES;
				CLANG_WARN_CONSTANT_CONVERSION = YES;
				CLANG_WARN_DIRECT_OBJC_ISA_USAGE = YES_ERROR;
				CLANG_WARN_DOCUMENTATION_COMMENTS = YES;
				CLANG_WARN_EMPTY_BODY = YES;
				CLANG_WARN_ENUM_CONVERSION = YES;
				CLANG_WARN_INFINITE_RECURSION = YES;
				CLANG_WARN_INT_CONVERSION = YES;
				CLANG_WARN_NON_LITERAL_NULL_CONVERSION = YES;
				CLANG_WARN_OBJC_LITERAL_CONVERSION = YES;
				CLANG_WARN_OBJC_ROOT_CLASS = YES_ERROR;
				CLANG_WARN_RANGE_LOOP_ANALYSIS = YES;
				CLANG_WARN_STRICT_PROTOTYPES = YES;
				CLANG_WARN_SUSPICIOUS_MOVE = YES;
				CLANG_WARN_UNGUARDED_AVAILABILITY = YES_AGGRESSIVE;
				CLANG_WARN_UNREACHABLE_CODE = YES;
				CLANG_WARN__DUPLICATE_METHOD_MATCH = YES;
				CODE_SIGN_IDENTITY = "iPhone Developer";
				COPY_PHASE_STRIP = NO;
				DEBUG_INFORMATION_FORMAT = "dwarf-with-dsym";
				ENABLE_NS_ASSERTIONS = NO;
				ENABLE_STRICT_OBJC_MSGSEND = YES;
				GCC_C_LANGUAGE_STANDARD = gnu11;
				GCC_NO_COMMON_BLOCKS = YES;
				GCC_WARN_64_TO_32_BIT_CONVERSION = YES;
				GCC_WARN_ABOUT_RETURN_TYPE = YES_ERROR;
				GCC_WARN_UNDECLARED_SELECTOR = YES;
				GCC_WARN_UNINITIALIZED_AUTOS = YES_AGGRESSIVE;
				GCC_WARN_UNUSED_FUNCTION = YES;
				GCC_WARN_UNUSED_VARIABLE = YES;
				IPHONEOS_DEPLOYMENT_TARGET = 11.0;
				MTL_ENABLE_DEBUG_INFO = NO;
				SDKROOT = iphoneos;
				SWIFT_OPTIMIZATION_LEVEL = "-Owholemodule";
				VALIDATE_PRODUCT = YES;
			};
			name = Release;
		};
		899627571F2269B000B27803 /* Debug */ = {
			isa = XCBuildConfiguration;
			buildSettings = {
				ASSETCATALOG_COMPILER_APPICON_NAME = AppIcon;
				DEVELOPMENT_TEAM = NUW936ZHH8;
				ENABLE_BITCODE = NO;
				FRAMEWORK_SEARCH_PATHS = "$(PROJECT_DIR)";
				INFOPLIST_FILE = "daily-dose/Info.plist";
				LD_RUNPATH_SEARCH_PATHS = "$(inherited) @executable_path/Frameworks";
				PRODUCT_BUNDLE_IDENTIFIER = com.devslopes.daily.dose;
				PRODUCT_NAME = "$(TARGET_NAME)";
				SWIFT_VERSION = 4.0;
				TARGETED_DEVICE_FAMILY = "1,2";
			};
			name = Debug;
		};
		899627581F2269B000B27803 /* Release */ = {
			isa = XCBuildConfiguration;
			buildSettings = {
				ASSETCATALOG_COMPILER_APPICON_NAME = AppIcon;
				DEVELOPMENT_TEAM = NUW936ZHH8;
				ENABLE_BITCODE = NO;
				FRAMEWORK_SEARCH_PATHS = "$(PROJECT_DIR)";
				INFOPLIST_FILE = "daily-dose/Info.plist";
				LD_RUNPATH_SEARCH_PATHS = "$(inherited) @executable_path/Frameworks";
				PRODUCT_BUNDLE_IDENTIFIER = com.devslopes.daily.dose;
				PRODUCT_NAME = "$(TARGET_NAME)";
				SWIFT_VERSION = 4.0;
				TARGETED_DEVICE_FAMILY = "1,2";
			};
			name = Release;
		};
/* End XCBuildConfiguration section */

/* Begin XCConfigurationList section */
		8996273F1F2269B000B27803 /* Build configuration list for PBXProject "daily-dose" */ = {
			isa = XCConfigurationList;
			buildConfigurations = (
				899627541F2269B000B27803 /* Debug */,
				899627551F2269B000B27803 /* Release */,
			);
			defaultConfigurationIsVisible = 0;
			defaultConfigurationName = Release;
		};
		899627561F2269B000B27803 /* Build configuration list for PBXNativeTarget "daily-dose" */ = {
			isa = XCConfigurationList;
			buildConfigurations = (
				899627571F2269B000B27803 /* Debug */,
				899627581F2269B000B27803 /* Release */,
			);
			defaultConfigurationIsVisible = 0;
		};
/* End XCConfigurationList section */
	};
	rootObject = 8996273C1F2269B000B27803 /* Project object */;
}
